
Microsoft Visual Studio Solution File, Format Version 12.00
# Visual Studio 2013
VisualStudioVersion = 12.0.40629.0
MinimumVisualStudioVersion = 10.0.40219.1
Project("{FAE04EC0-301F-11D3-BF4B-00C04F79EFBC}") = "CSharpMermoryHack", "CSharpMermoryHack\CSharpMermoryHack.csproj", "{DF40897B-F194-438A-BCC5-F4ED2AF457EF}"
EndProject
Project("{FAE04EC0-301F-11D3-BF4B-00C04F79EFBC}") = "WindowHack", "WindowHack\WindowHack.csproj", "{81720732-5033-4821-B717-0379E3C06A6B}"
EndProject
Global
	GlobalSection(SolutionConfigurationPlatforms) = preSolution
		Debug|Any CPU = Debug|Any CPU
		Release|Any CPU = Release|Any CPU
	EndGlobalSection
	GlobalSection(ProjectConfigurationPlatforms) = postSolution
		{DF40897B-F194-438A-BCC5-F4ED2AF457EF}.Debug|Any CPU.ActiveCfg = Debug|Any CPU
		{DF40897B-F194-438A-BCC5-F4ED2AF457EF}.Debug|Any CPU.Build.0 = Debug|Any CPU
		{DF40897B-F194-438A-BCC5-F4ED2AF457EF}.Release|Any CPU.ActiveCfg = Release|Any CPU
		{DF40897B-F194-438A-BCC5-F4ED2AF457EF}.Release|Any CPU.Build.0 = Release|Any CPU
		{81720732-5033-4821-B717-0379E3C06A6B}.Debug|Any CPU.ActiveCfg = Debug|Any CPU
		{81720732-5033-4821-B717-0379E3C06A6B}.Debug|Any CPU.Build.0 = Debug|Any CPU
		{81720732-5033-4821-B717-0379E3C06A6B}.Release|Any CPU.ActiveCfg = Release|Any CPU
		{81720732-5033-4821-B717-0379E3C06A6B}.Release|Any CPU.Build.0 = Release|Any CPU
	EndGlobalSection
	GlobalSection(SolutionProperties) = preSolution
		HideSolutionNode = FALSE
	EndGlobalSection
EndGlobal
